
Microsoft Visual Studio Solution File, Format Version 12.00
# Visual Studio Version 16
VisualStudioVersion = 16.0.30114.105
MinimumVisualStudioVersion = 10.0.40219.1
Project("{FAE04EC0-301F-11D3-BF4B-00C04F79EFBC}") = "Projeto.ConsoleApp", "Projeto.ConsoleApp\Projeto.ConsoleApp.csproj", "{2A5FAB7F-C2A6-44C1-9FC1-17E81543A140}"
EndProject
Project("{FAE04EC0-301F-11D3-BF4B-00C04F79EFBC}") = "Projeto.LogicaNegocio", "Projeto.LogicaNegocio\Projeto.LogicaNegocio.csproj", "{317533B1-CE6B-4486-A1F3-CDEB206408E4}"
EndProject
Project("{FAE04EC0-301F-11D3-BF4B-00C04F79EFBC}") = "Projeto.Modelo", "Projeto.Modelo\Projeto.Modelo.csproj", "{031C4675-42D8-450C-8068-D1513CD53802}"
EndProject
Project("{FAE04EC0-301F-11D3-BF4B-00C04F79EFBC}") = "Projeto.Tests", "Projeto.Tests\Projeto.Tests.csproj", "{4D313175-2B32-466C-B3AD-623577FCE2AA}"
EndProject
Global
	GlobalSection(SolutionConfigurationPlatforms) = preSolution
		Debug|Any CPU = Debug|Any CPU
		Release|Any CPU = Release|Any CPU
	EndGlobalSection
	GlobalSection(SolutionProperties) = preSolution
		HideSolutionNode = FALSE
	EndGlobalSection
	GlobalSection(ProjectConfigurationPlatforms) = postSolution
		{2A5FAB7F-C2A6-44C1-9FC1-17E81543A140}.Debug|Any CPU.ActiveCfg = Debug|Any CPU
		{2A5FAB7F-C2A6-44C1-9FC1-17E81543A140}.Debug|Any CPU.Build.0 = Debug|Any CPU
		{2A5FAB7F-C2A6-44C1-9FC1-17E81543A140}.Release|Any CPU.ActiveCfg = Release|Any CPU
		{2A5FAB7F-C2A6-44C1-9FC1-17E81543A140}.Release|Any CPU.Build.0 = Release|Any CPU
		{317533B1-CE6B-4486-A1F3-CDEB206408E4}.Debug|Any CPU.ActiveCfg = Debug|Any CPU
		{317533B1-CE6B-4486-A1F3-CDEB206408E4}.Debug|Any CPU.Build.0 = Debug|Any CPU
		{317533B1-CE6B-4486-A1F3-CDEB206408E4}.Release|Any CPU.ActiveCfg = Release|Any CPU
		{317533B1-CE6B-4486-A1F3-CDEB206408E4}.Release|Any CPU.Build.0 = Release|Any CPU
		{031C4675-42D8-450C-8068-D1513CD53802}.Debug|Any CPU.ActiveCfg = Debug|Any CPU
		{031C4675-42D8-450C-8068-D1513CD53802}.Debug|Any CPU.Build.0 = Debug|Any CPU
		{031C4675-42D8-450C-8068-D1513CD53802}.Release|Any CPU.ActiveCfg = Release|Any CPU
		{031C4675-42D8-450C-8068-D1513CD53802}.Release|Any CPU.Build.0 = Release|Any CPU
		{4D313175-2B32-466C-B3AD-623577FCE2AA}.Debug|Any CPU.ActiveCfg = Debug|Any CPU
		{4D313175-2B32-466C-B3AD-623577FCE2AA}.Debug|Any CPU.Build.0 = Debug|Any CPU
		{4D313175-2B32-466C-B3AD-623577FCE2AA}.Release|Any CPU.ActiveCfg = Release|Any CPU
		{4D313175-2B32-466C-B3AD-623577FCE2AA}.Release|Any CPU.Build.0 = Release|Any CPU
	EndGlobalSection
EndGlobal
